
Microsoft Visual Studio Solution File, Format Version 12.00
# Visual Studio Version 17
VisualStudioVersion = 17.8.34511.84
MinimumVisualStudioVersion = 10.0.40219.1
Project("{FAE04EC0-301F-11D3-BF4B-00C04F79EFBC}") = "Crud_Images", "Crud_Images.csproj", "{0FC5F0F1-03D9-4B62-99FF-4C02B934C5FA}"
EndProject
Global
	GlobalSection(SolutionConfigurationPlatforms) = preSolution
		Debug|Any CPU = Debug|Any CPU
		Release|Any CPU = Release|Any CPU
	EndGlobalSection
	GlobalSection(ProjectConfigurationPlatforms) = postSolution
		{0FC5F0F1-03D9-4B62-99FF-4C02B934C5FA}.Debug|Any CPU.ActiveCfg = Debug|Any CPU
		{0FC5F0F1-03D9-4B62-99FF-4C02B934C5FA}.Debug|Any CPU.Build.0 = Debug|Any CPU
		{0FC5F0F1-03D9-4B62-99FF-4C02B934C5FA}.Release|Any CPU.ActiveCfg = Release|Any CPU
		{0FC5F0F1-03D9-4B62-99FF-4C02B934C5FA}.Release|Any CPU.Build.0 = Release|Any CPU
	EndGlobalSection
	GlobalSection(SolutionProperties) = preSolution
		HideSolutionNode = FALSE
	EndGlobalSection
	GlobalSection(ExtensibilityGlobals) = postSolution
		SolutionGuid = {4B574CEE-3568-4941-B364-F7EA1735B9E4}
	EndGlobalSection
EndGlobal
